// !$*UTF8*$!
{
	archiveVersion = 1;
	classes = {
	};
	objectVersion = 56;
	objects = {

/* Begin PBXBuildFile section */
		4C0B17D5DC6A294E72853D98 /* Pods_WeatherApp.framework in Frameworks */ = {isa = PBXBuildFile; fileRef = 285F50DE64711D70A3AF69FD /* Pods_WeatherApp.framework */; };
		93517F002AA4C63100124014 /* WeatherDetailsScreenViewController.swift in Sources */ = {isa = PBXBuildFile; fileRef = 93517EFF2AA4C63100124014 /* WeatherDetailsScreenViewController.swift */; };
		93517F052AA60E4C00124014 /* CustomNavigationBarView.swift in Sources */ = {isa = PBXBuildFile; fileRef = 93517F042AA60E4C00124014 /* CustomNavigationBarView.swift */; };
		93517F072AA62D2D00124014 /* WeatherDetailsView.swift in Sources */ = {isa = PBXBuildFile; fileRef = 93517F062AA62D2D00124014 /* WeatherDetailsView.swift */; };
		93517F0B2AA62E7C00124014 /* UILabel+Extension.swift in Sources */ = {isa = PBXBuildFile; fileRef = 93517F0A2AA62E7C00124014 /* UILabel+Extension.swift */; };
		93517F0D2AA6331A00124014 /* String+Extension.swift in Sources */ = {isa = PBXBuildFile; fileRef = 93517F0C2AA6331A00124014 /* String+Extension.swift */; };
		93517F0F2AA66E9000124014 /* Constants.swift in Sources */ = {isa = PBXBuildFile; fileRef = 93517F0E2AA66E9000124014 /* Constants.swift */; };
		93517F112AA69F9B00124014 /* WeatherDetailsViewModel.swift in Sources */ = {isa = PBXBuildFile; fileRef = 93517F102AA69F9B00124014 /* WeatherDetailsViewModel.swift */; };
		93517F132AA69FE000124014 /* WeatherNetworkService.swift in Sources */ = {isa = PBXBuildFile; fileRef = 93517F122AA69FE000124014 /* WeatherNetworkService.swift */; };
		93517F172AA7751300124014 /* WeatherModel.swift in Sources */ = {isa = PBXBuildFile; fileRef = 93517F162AA7751300124014 /* WeatherModel.swift */; };
		93517F192AA777C400124014 /* NetworkingError.swift in Sources */ = {isa = PBXBuildFile; fileRef = 93517F182AA777C400124014 /* NetworkingError.swift */; };
		93517F1B2AA7793400124014 /* WindDirection.swift in Sources */ = {isa = PBXBuildFile; fileRef = 93517F1A2AA7793400124014 /* WindDirection.swift */; };
		93517F1D2AA780EF00124014 /* Date+Extension.swift in Sources */ = {isa = PBXBuildFile; fileRef = 93517F1C2AA780EF00124014 /* Date+Extension.swift */; };
		93517F1F2AA7897900124014 /* WeatherForecastProvider.swift in Sources */ = {isa = PBXBuildFile; fileRef = 93517F1E2AA7897900124014 /* WeatherForecastProvider.swift */; };
		93517F222AA78A0700124014 /* Fetchable.swift in Sources */ = {isa = PBXBuildFile; fileRef = 93517F212AA78A0700124014 /* Fetchable.swift */; };
		93517F242AA78A2500124014 /* WeatherParseable.swift in Sources */ = {isa = PBXBuildFile; fileRef = 93517F232AA78A2500124014 /* WeatherParseable.swift */; };
		93517F262AA78E8900124014 /* WeatherForecastParser.swift in Sources */ = {isa = PBXBuildFile; fileRef = 93517F252AA78E8900124014 /* WeatherForecastParser.swift */; };
		93517F282AA78F8B00124014 /* Weather.swift in Sources */ = {isa = PBXBuildFile; fileRef = 93517F272AA78F8B00124014 /* Weather.swift */; };
		93517F2A2AA7971200124014 /* WeatherCondition.swift in Sources */ = {isa = PBXBuildFile; fileRef = 93517F292AA7971200124014 /* WeatherCondition.swift */; };
		93517F2D2AA7BAF300124014 /* CustomURL.swift in Sources */ = {isa = PBXBuildFile; fileRef = 93517F2C2AA7BAF300124014 /* CustomURL.swift */; };
		93517F312AA7DAB700124014 /* WeatherForecastByDayTableViewCell.swift in Sources */ = {isa = PBXBuildFile; fileRef = 93517F302AA7DAB700124014 /* WeatherForecastByDayTableViewCell.swift */; };
		93517F332AA8C2F300124014 /* WeatherDetailsModel.swift in Sources */ = {isa = PBXBuildFile; fileRef = 93517F322AA8C2F300124014 /* WeatherDetailsModel.swift */; };
		93517F352AA8EEC200124014 /* WeatherForecastByDayTableViewCellView.swift in Sources */ = {isa = PBXBuildFile; fileRef = 93517F342AA8EEC200124014 /* WeatherForecastByDayTableViewCellView.swift */; };
		93517F382AA9349700124014 /* Collections in Frameworks */ = {isa = PBXBuildFile; productRef = 93517F372AA9349700124014 /* Collections */; };
		93517F3A2AA9349700124014 /* DequeModule in Frameworks */ = {isa = PBXBuildFile; productRef = 93517F392AA9349700124014 /* DequeModule */; };
		93517F3C2AA9349700124014 /* OrderedCollections in Frameworks */ = {isa = PBXBuildFile; productRef = 93517F3B2AA9349700124014 /* OrderedCollections */; };
		93517F3E2AAA2A8B00124014 /* WeatherTempsByHoursCollectionViewCell.swift in Sources */ = {isa = PBXBuildFile; fileRef = 93517F3D2AAA2A8B00124014 /* WeatherTempsByHoursCollectionViewCell.swift */; };
		93517F402AAA3B7700124014 /* Array+Extension.swift in Sources */ = {isa = PBXBuildFile; fileRef = 93517F3F2AAA3B7700124014 /* Array+Extension.swift */; };
		93517F422AAA4E6C00124014 /* WeatherDetailsElementView.swift in Sources */ = {isa = PBXBuildFile; fileRef = 93517F412AAA4E6C00124014 /* WeatherDetailsElementView.swift */; };
		93517F442AAA819F00124014 /* WeatherTempsByHoursCollectionViewCellView.swift in Sources */ = {isa = PBXBuildFile; fileRef = 93517F432AAA819E00124014 /* WeatherTempsByHoursCollectionViewCellView.swift */; };
		93517F462AAA95A500124014 /* ScreenType.swift in Sources */ = {isa = PBXBuildFile; fileRef = 93517F452AAA95A500124014 /* ScreenType.swift */; };
		93517F492AAA9BA600124014 /* WeatherDetailsNavigationBarView.swift in Sources */ = {isa = PBXBuildFile; fileRef = 93517F482AAA9BA600124014 /* WeatherDetailsNavigationBarView.swift */; };
		93517F4B2AAA9BB400124014 /* SearchPlaceByTextNavigationBarView.swift in Sources */ = {isa = PBXBuildFile; fileRef = 93517F4A2AAA9BB400124014 /* SearchPlaceByTextNavigationBarView.swift */; };
		93517F4D2AAA9BDB00124014 /* SearchPlaceByMapNavigationBarView.swift in Sources */ = {isa = PBXBuildFile; fileRef = 93517F4C2AAA9BDB00124014 /* SearchPlaceByMapNavigationBarView.swift */; };
		93517F4F2AAAB45900124014 /* LocationService.swift in Sources */ = {isa = PBXBuildFile; fileRef = 93517F4E2AAAB45900124014 /* LocationService.swift */; };
		9351B87F2AA4B4DB00D8EFAF /* AppDelegate.swift in Sources */ = {isa = PBXBuildFile; fileRef = 9351B87E2AA4B4DB00D8EFAF /* AppDelegate.swift */; };
		9351B8812AA4B4DB00D8EFAF /* SceneDelegate.swift in Sources */ = {isa = PBXBuildFile; fileRef = 9351B8802AA4B4DB00D8EFAF /* SceneDelegate.swift */; };
		9351B8832AA4B4DB00D8EFAF /* BaseViewController.swift in Sources */ = {isa = PBXBuildFile; fileRef = 9351B8822AA4B4DB00D8EFAF /* BaseViewController.swift */; };
		9351B8882AA4B4DD00D8EFAF /* Assets.xcassets in Resources */ = {isa = PBXBuildFile; fileRef = 9351B8872AA4B4DD00D8EFAF /* Assets.xcassets */; };
		9351B88B2AA4B4DD00D8EFAF /* LaunchScreen.storyboard in Resources */ = {isa = PBXBuildFile; fileRef = 9351B8892AA4B4DD00D8EFAF /* LaunchScreen.storyboard */; };
		93B603FB2AABCE2B00990165 /* SearchByPlaceNameScreenViewController.swift in Sources */ = {isa = PBXBuildFile; fileRef = 93B603FA2AABCE2B00990165 /* SearchByPlaceNameScreenViewController.swift */; };
		93B603FE2AABD53600990165 /* SearchByPlaceNameScreenViewModel.swift in Sources */ = {isa = PBXBuildFile; fileRef = 93B603FD2AABD53600990165 /* SearchByPlaceNameScreenViewModel.swift */; };
		93B604012AABF65300990165 /* PlaceNamesProvider.swift in Sources */ = {isa = PBXBuildFile; fileRef = 93B604002AABF65300990165 /* PlaceNamesProvider.swift */; };
		93B604032AABFCEC00990165 /* NavigateToSearchByPlaceNameScreenDelegate.swift in Sources */ = {isa = PBXBuildFile; fileRef = 93B604022AABFCEC00990165 /* NavigateToSearchByPlaceNameScreenDelegate.swift */; };
		93B604062AABFD2600990165 /* LocationServiceDelegate.swift in Sources */ = {isa = PBXBuildFile; fileRef = 93B604052AABFD2600990165 /* LocationServiceDelegate.swift */; };
		93B604082AABFD3700990165 /* PopViewControllerDelegate.swift in Sources */ = {isa = PBXBuildFile; fileRef = 93B604072AABFD3700990165 /* PopViewControllerDelegate.swift */; };
		93B6040B2AAC008A00990165 /* Place.swift in Sources */ = {isa = PBXBuildFile; fileRef = 93B6040A2AAC008A00990165 /* Place.swift */; };
		93B604122AAC13D100990165 /* SearchResultsTableViewCell.swift in Sources */ = {isa = PBXBuildFile; fileRef = 93B604112AAC13D100990165 /* SearchResultsTableViewCell.swift */; };
/* End PBXBuildFile section */

/* Begin PBXFileReference section */
		0660A51C79DDD83BDC61FB9D /* Pods-WeatherApp.release.xcconfig */ = {isa = PBXFileReference; includeInIndex = 1; lastKnownFileType = text.xcconfig; name = "Pods-WeatherApp.release.xcconfig"; path = "Target Support Files/Pods-WeatherApp/Pods-WeatherApp.release.xcconfig"; sourceTree = "<group>"; };
		285F50DE64711D70A3AF69FD /* Pods_WeatherApp.framework */ = {isa = PBXFileReference; explicitFileType = wrapper.framework; includeInIndex = 0; path = Pods_WeatherApp.framework; sourceTree = BUILT_PRODUCTS_DIR; };
		6F10D0E73A962F4FD5ACE14F /* Pods-WeatherApp.debug.xcconfig */ = {isa = PBXFileReference; includeInIndex = 1; lastKnownFileType = text.xcconfig; name = "Pods-WeatherApp.debug.xcconfig"; path = "Target Support Files/Pods-WeatherApp/Pods-WeatherApp.debug.xcconfig"; sourceTree = "<group>"; };
		93517EFF2AA4C63100124014 /* WeatherDetailsScreenViewController.swift */ = {isa = PBXFileReference; lastKnownFileType = sourcecode.swift; path = WeatherDetailsScreenViewController.swift; sourceTree = "<group>"; };
		93517F042AA60E4C00124014 /* CustomNavigationBarView.swift */ = {isa = PBXFileReference; lastKnownFileType = sourcecode.swift; path = CustomNavigationBarView.swift; sourceTree = "<group>"; };
		93517F062AA62D2D00124014 /* WeatherDetailsView.swift */ = {isa = PBXFileReference; lastKnownFileType = sourcecode.swift; path = WeatherDetailsView.swift; sourceTree = "<group>"; };
		93517F0A2AA62E7C00124014 /* UILabel+Extension.swift */ = {isa = PBXFileReference; lastKnownFileType = sourcecode.swift; path = "UILabel+Extension.swift"; sourceTree = "<group>"; };
		93517F0C2AA6331A00124014 /* String+Extension.swift */ = {isa = PBXFileReference; lastKnownFileType = sourcecode.swift; path = "String+Extension.swift"; sourceTree = "<group>"; };
		93517F0E2AA66E9000124014 /* Constants.swift */ = {isa = PBXFileReference; lastKnownFileType = sourcecode.swift; path = Constants.swift; sourceTree = "<group>"; };
		93517F102AA69F9B00124014 /* WeatherDetailsViewModel.swift */ = {isa = PBXFileReference; lastKnownFileType = sourcecode.swift; path = WeatherDetailsViewModel.swift; sourceTree = "<group>"; };
		93517F122AA69FE000124014 /* WeatherNetworkService.swift */ = {isa = PBXFileReference; lastKnownFileType = sourcecode.swift; path = WeatherNetworkService.swift; sourceTree = "<group>"; };
		93517F162AA7751300124014 /* WeatherModel.swift */ = {isa = PBXFileReference; lastKnownFileType = sourcecode.swift; path = WeatherModel.swift; sourceTree = "<group>"; };
		93517F182AA777C400124014 /* NetworkingError.swift */ = {isa = PBXFileReference; lastKnownFileType = sourcecode.swift; path = NetworkingError.swift; sourceTree = "<group>"; };
		93517F1A2AA7793400124014 /* WindDirection.swift */ = {isa = PBXFileReference; lastKnownFileType = sourcecode.swift; path = WindDirection.swift; sourceTree = "<group>"; };
		93517F1C2AA780EF00124014 /* Date+Extension.swift */ = {isa = PBXFileReference; lastKnownFileType = sourcecode.swift; path = "Date+Extension.swift"; sourceTree = "<group>"; };
		93517F1E2AA7897900124014 /* WeatherForecastProvider.swift */ = {isa = PBXFileReference; lastKnownFileType = sourcecode.swift; path = WeatherForecastProvider.swift; sourceTree = "<group>"; };
		93517F212AA78A0700124014 /* Fetchable.swift */ = {isa = PBXFileReference; lastKnownFileType = sourcecode.swift; path = Fetchable.swift; sourceTree = "<group>"; };
		93517F232AA78A2500124014 /* WeatherParseable.swift */ = {isa = PBXFileReference; lastKnownFileType = sourcecode.swift; path = WeatherParseable.swift; sourceTree = "<group>"; };
		93517F252AA78E8900124014 /* WeatherForecastParser.swift */ = {isa = PBXFileReference; lastKnownFileType = sourcecode.swift; path = WeatherForecastParser.swift; sourceTree = "<group>"; };
		93517F272AA78F8B00124014 /* Weather.swift */ = {isa = PBXFileReference; lastKnownFileType = sourcecode.swift; path = Weather.swift; sourceTree = "<group>"; };
		93517F292AA7971200124014 /* WeatherCondition.swift */ = {isa = PBXFileReference; lastKnownFileType = sourcecode.swift; path = WeatherCondition.swift; sourceTree = "<group>"; };
		93517F2C2AA7BAF300124014 /* CustomURL.swift */ = {isa = PBXFileReference; lastKnownFileType = sourcecode.swift; path = CustomURL.swift; sourceTree = "<group>"; };
		93517F302AA7DAB700124014 /* WeatherForecastByDayTableViewCell.swift */ = {isa = PBXFileReference; lastKnownFileType = sourcecode.swift; path = WeatherForecastByDayTableViewCell.swift; sourceTree = "<group>"; };
		93517F322AA8C2F300124014 /* WeatherDetailsModel.swift */ = {isa = PBXFileReference; lastKnownFileType = sourcecode.swift; path = WeatherDetailsModel.swift; sourceTree = "<group>"; };
		93517F342AA8EEC200124014 /* WeatherForecastByDayTableViewCellView.swift */ = {isa = PBXFileReference; lastKnownFileType = sourcecode.swift; path = WeatherForecastByDayTableViewCellView.swift; sourceTree = "<group>"; };
		93517F3D2AAA2A8B00124014 /* WeatherTempsByHoursCollectionViewCell.swift */ = {isa = PBXFileReference; lastKnownFileType = sourcecode.swift; path = WeatherTempsByHoursCollectionViewCell.swift; sourceTree = "<group>"; };
		93517F3F2AAA3B7700124014 /* Array+Extension.swift */ = {isa = PBXFileReference; lastKnownFileType = sourcecode.swift; path = "Array+Extension.swift"; sourceTree = "<group>"; };
		93517F412AAA4E6C00124014 /* WeatherDetailsElementView.swift */ = {isa = PBXFileReference; lastKnownFileType = sourcecode.swift; path = WeatherDetailsElementView.swift; sourceTree = "<group>"; };
		93517F432AAA819E00124014 /* WeatherTempsByHoursCollectionViewCellView.swift */ = {isa = PBXFileReference; lastKnownFileType = sourcecode.swift; path = WeatherTempsByHoursCollectionViewCellView.swift; sourceTree = "<group>"; };
		93517F452AAA95A500124014 /* ScreenType.swift */ = {isa = PBXFileReference; lastKnownFileType = sourcecode.swift; path = ScreenType.swift; sourceTree = "<group>"; };
		93517F482AAA9BA600124014 /* WeatherDetailsNavigationBarView.swift */ = {isa = PBXFileReference; lastKnownFileType = sourcecode.swift; path = WeatherDetailsNavigationBarView.swift; sourceTree = "<group>"; };
		93517F4A2AAA9BB400124014 /* SearchPlaceByTextNavigationBarView.swift */ = {isa = PBXFileReference; lastKnownFileType = sourcecode.swift; path = SearchPlaceByTextNavigationBarView.swift; sourceTree = "<group>"; };
		93517F4C2AAA9BDB00124014 /* SearchPlaceByMapNavigationBarView.swift */ = {isa = PBXFileReference; lastKnownFileType = sourcecode.swift; path = SearchPlaceByMapNavigationBarView.swift; sourceTree = "<group>"; };
		93517F4E2AAAB45900124014 /* LocationService.swift */ = {isa = PBXFileReference; lastKnownFileType = sourcecode.swift; path = LocationService.swift; sourceTree = "<group>"; };
		9351B87B2AA4B4DB00D8EFAF /* WeatherApp.app */ = {isa = PBXFileReference; explicitFileType = wrapper.application; includeInIndex = 0; path = WeatherApp.app; sourceTree = BUILT_PRODUCTS_DIR; };
		9351B87E2AA4B4DB00D8EFAF /* AppDelegate.swift */ = {isa = PBXFileReference; lastKnownFileType = sourcecode.swift; path = AppDelegate.swift; sourceTree = "<group>"; };
		9351B8802AA4B4DB00D8EFAF /* SceneDelegate.swift */ = {isa = PBXFileReference; lastKnownFileType = sourcecode.swift; path = SceneDelegate.swift; sourceTree = "<group>"; };
		9351B8822AA4B4DB00D8EFAF /* BaseViewController.swift */ = {isa = PBXFileReference; lastKnownFileType = sourcecode.swift; path = BaseViewController.swift; sourceTree = "<group>"; };
		9351B8872AA4B4DD00D8EFAF /* Assets.xcassets */ = {isa = PBXFileReference; lastKnownFileType = folder.assetcatalog; path = Assets.xcassets; sourceTree = "<group>"; };
		9351B88A2AA4B4DD00D8EFAF /* Base */ = {isa = PBXFileReference; lastKnownFileType = file.storyboard; name = Base; path = Base.lproj/LaunchScreen.storyboard; sourceTree = "<group>"; };
		9351B88C2AA4B4DD00D8EFAF /* Info.plist */ = {isa = PBXFileReference; lastKnownFileType = text.plist.xml; path = Info.plist; sourceTree = "<group>"; };
		93B603FA2AABCE2B00990165 /* SearchByPlaceNameScreenViewController.swift */ = {isa = PBXFileReference; lastKnownFileType = sourcecode.swift; path = SearchByPlaceNameScreenViewController.swift; sourceTree = "<group>"; };
		93B603FD2AABD53600990165 /* SearchByPlaceNameScreenViewModel.swift */ = {isa = PBXFileReference; lastKnownFileType = sourcecode.swift; path = SearchByPlaceNameScreenViewModel.swift; sourceTree = "<group>"; };
		93B604002AABF65300990165 /* PlaceNamesProvider.swift */ = {isa = PBXFileReference; lastKnownFileType = sourcecode.swift; path = PlaceNamesProvider.swift; sourceTree = "<group>"; };
		93B604022AABFCEC00990165 /* NavigateToSearchByPlaceNameScreenDelegate.swift */ = {isa = PBXFileReference; lastKnownFileType = sourcecode.swift; path = NavigateToSearchByPlaceNameScreenDelegate.swift; sourceTree = "<group>"; };
		93B604052AABFD2600990165 /* LocationServiceDelegate.swift */ = {isa = PBXFileReference; lastKnownFileType = sourcecode.swift; path = LocationServiceDelegate.swift; sourceTree = "<group>"; };
		93B604072AABFD3700990165 /* PopViewControllerDelegate.swift */ = {isa = PBXFileReference; lastKnownFileType = sourcecode.swift; path = PopViewControllerDelegate.swift; sourceTree = "<group>"; };
		93B6040A2AAC008A00990165 /* Place.swift */ = {isa = PBXFileReference; lastKnownFileType = sourcecode.swift; path = Place.swift; sourceTree = "<group>"; };
		93B604112AAC13D100990165 /* SearchResultsTableViewCell.swift */ = {isa = PBXFileReference; lastKnownFileType = sourcecode.swift; path = SearchResultsTableViewCell.swift; sourceTree = "<group>"; };
/* End PBXFileReference section */

/* Begin PBXFrameworksBuildPhase section */
		9351B8782AA4B4DB00D8EFAF /* Frameworks */ = {
			isa = PBXFrameworksBuildPhase;
			buildActionMask = 2147483647;
			files = (
				93517F382AA9349700124014 /* Collections in Frameworks */,
				4C0B17D5DC6A294E72853D98 /* Pods_WeatherApp.framework in Frameworks */,
				93517F3C2AA9349700124014 /* OrderedCollections in Frameworks */,
				93517F3A2AA9349700124014 /* DequeModule in Frameworks */,
			);
			runOnlyForDeploymentPostprocessing = 0;
		};
/* End PBXFrameworksBuildPhase section */

/* Begin PBXGroup section */
		93517EF72AA4B6F600124014 /* Application */ = {
			isa = PBXGroup;
			children = (
				9351B87E2AA4B4DB00D8EFAF /* AppDelegate.swift */,
				9351B8802AA4B4DB00D8EFAF /* SceneDelegate.swift */,
				9351B88C2AA4B4DD00D8EFAF /* Info.plist */,
			);
			path = Application;
			sourceTree = "<group>";
		};
		93517EF82AA4B75500124014 /* Resources */ = {
			isa = PBXGroup;
			children = (
				9351B8872AA4B4DD00D8EFAF /* Assets.xcassets */,
			);
			path = Resources;
			sourceTree = "<group>";
		};
		93517EF92AA4B95400124014 /* Modules */ = {
			isa = PBXGroup;
			children = (
				93B603F82AABCCA500990165 /* SearchByPlaceNameScreen */,
				93517F022AA6049E00124014 /* CustomNavigationBar */,
				93517EFC2AA4C5AD00124014 /* WeatherDetailsScreen */,
				93517EFB2AA4B96400124014 /* Base */,
				93517EFA2AA4B95C00124014 /* LaunchScreen */,
			);
			path = Modules;
			sourceTree = "<group>";
		};
		93517EFA2AA4B95C00124014 /* LaunchScreen */ = {
			isa = PBXGroup;
			children = (
				9351B8892AA4B4DD00D8EFAF /* LaunchScreen.storyboard */,
			);
			path = LaunchScreen;
			sourceTree = "<group>";
		};
		93517EFB2AA4B96400124014 /* Base */ = {
			isa = PBXGroup;
			children = (
				9351B8822AA4B4DB00D8EFAF /* BaseViewController.swift */,
			);
			path = Base;
			sourceTree = "<group>";
		};
		93517EFC2AA4C5AD00124014 /* WeatherDetailsScreen */ = {
			isa = PBXGroup;
			children = (
				93517F142AA69FE700124014 /* Services */,
				93517F152AA774CD00124014 /* Model */,
				93517EFE2AA4C5FE00124014 /* ViewModel */,
				93517EFD2AA4C5F300124014 /* ViewControllers */,
				93517F012AA4C9C700124014 /* Views */,
			);
			path = WeatherDetailsScreen;
			sourceTree = "<group>";
		};
		93517EFD2AA4C5F300124014 /* ViewControllers */ = {
			isa = PBXGroup;
			children = (
				93517F2E2AA7DA8100124014 /* Cells */,
				93517EFF2AA4C63100124014 /* WeatherDetailsScreenViewController.swift */,
			);
			path = ViewControllers;
			sourceTree = "<group>";
		};
		93517EFE2AA4C5FE00124014 /* ViewModel */ = {
			isa = PBXGroup;
			children = (
				93517F102AA69F9B00124014 /* WeatherDetailsViewModel.swift */,
			);
			path = ViewModel;
			sourceTree = "<group>";
		};
		93517F012AA4C9C700124014 /* Views */ = {
			isa = PBXGroup;
			children = (
				93517F062AA62D2D00124014 /* WeatherDetailsView.swift */,
				93517F342AA8EEC200124014 /* WeatherForecastByDayTableViewCellView.swift */,
				93517F412AAA4E6C00124014 /* WeatherDetailsElementView.swift */,
				93517F432AAA819E00124014 /* WeatherTempsByHoursCollectionViewCellView.swift */,
			);
			path = Views;
			sourceTree = "<group>";
		};
		93517F022AA6049E00124014 /* CustomNavigationBar */ = {
			isa = PBXGroup;
			children = (
				93517F032AA604AC00124014 /* View */,
				93517F452AAA95A500124014 /* ScreenType.swift */,
			);
			path = CustomNavigationBar;
			sourceTree = "<group>";
		};
		93517F032AA604AC00124014 /* View */ = {
			isa = PBXGroup;
			children = (
				93517F472AAA9B8800124014 /* Subviews */,
				93517F042AA60E4C00124014 /* CustomNavigationBarView.swift */,
			);
			path = View;
			sourceTree = "<group>";
		};
		93517F082AA62E5400124014 /* Utils */ = {
			isa = PBXGroup;
			children = (
				93517F202AA789FB00124014 /* Protocols */,
				93517F092AA62E6100124014 /* Extensions */,
				93517F0E2AA66E9000124014 /* Constants.swift */,
				93517F2C2AA7BAF300124014 /* CustomURL.swift */,
			);
			path = Utils;
			sourceTree = "<group>";
		};
		93517F092AA62E6100124014 /* Extensions */ = {
			isa = PBXGroup;
			children = (
				93517F0A2AA62E7C00124014 /* UILabel+Extension.swift */,
				93517F0C2AA6331A00124014 /* String+Extension.swift */,
				93517F1C2AA780EF00124014 /* Date+Extension.swift */,
				93517F3F2AAA3B7700124014 /* Array+Extension.swift */,
			);
			path = Extensions;
			sourceTree = "<group>";
		};
		93517F142AA69FE700124014 /* Services */ = {
			isa = PBXGroup;
			children = (
				93517F182AA777C400124014 /* NetworkingError.swift */,
				93517F1E2AA7897900124014 /* WeatherForecastProvider.swift */,
				93517F122AA69FE000124014 /* WeatherNetworkService.swift */,
				93517F252AA78E8900124014 /* WeatherForecastParser.swift */,
				93517F4E2AAAB45900124014 /* LocationService.swift */,
			);
			path = Services;
			sourceTree = "<group>";
		};
		93517F152AA774CD00124014 /* Model */ = {
			isa = PBXGroup;
			children = (
				93517F2B2AA797CE00124014 /* WeatherSpecification */,
				93517F162AA7751300124014 /* WeatherModel.swift */,
				93517F272AA78F8B00124014 /* Weather.swift */,
				93517F322AA8C2F300124014 /* WeatherDetailsModel.swift */,
			);
			path = Model;
			sourceTree = "<group>";
		};
		93517F202AA789FB00124014 /* Protocols */ = {
			isa = PBXGroup;
			children = (
				93B604042AABFD0E00990165 /* Delegates */,
				93517F212AA78A0700124014 /* Fetchable.swift */,
				93517F232AA78A2500124014 /* WeatherParseable.swift */,
			);
			path = Protocols;
			sourceTree = "<group>";
		};
		93517F2B2AA797CE00124014 /* WeatherSpecification */ = {
			isa = PBXGroup;
			children = (
				93517F1A2AA7793400124014 /* WindDirection.swift */,
				93517F292AA7971200124014 /* WeatherCondition.swift */,
			);
			path = WeatherSpecification;
			sourceTree = "<group>";
		};
		93517F2E2AA7DA8100124014 /* Cells */ = {
			isa = PBXGroup;
			children = (
				93517F302AA7DAB700124014 /* WeatherForecastByDayTableViewCell.swift */,
				93517F3D2AAA2A8B00124014 /* WeatherTempsByHoursCollectionViewCell.swift */,
			);
			path = Cells;
			sourceTree = "<group>";
		};
		93517F472AAA9B8800124014 /* Subviews */ = {
			isa = PBXGroup;
			children = (
				93517F482AAA9BA600124014 /* WeatherDetailsNavigationBarView.swift */,
				93517F4A2AAA9BB400124014 /* SearchPlaceByTextNavigationBarView.swift */,
				93517F4C2AAA9BDB00124014 /* SearchPlaceByMapNavigationBarView.swift */,
			);
			path = Subviews;
			sourceTree = "<group>";
		};
		9351B8722AA4B4DB00D8EFAF = {
			isa = PBXGroup;
			children = (
				9351B87D2AA4B4DB00D8EFAF /* WeatherApp */,
				9351B87C2AA4B4DB00D8EFAF /* Products */,
				B12A72688EE6FD039CC97C82 /* Pods */,
				B65A6B66D2D9D992042FAFD8 /* Frameworks */,
			);
			sourceTree = "<group>";
		};
		9351B87C2AA4B4DB00D8EFAF /* Products */ = {
			isa = PBXGroup;
			children = (
				9351B87B2AA4B4DB00D8EFAF /* WeatherApp.app */,
			);
			name = Products;
			sourceTree = "<group>";
		};
		9351B87D2AA4B4DB00D8EFAF /* WeatherApp */ = {
			isa = PBXGroup;
			children = (
				93517F082AA62E5400124014 /* Utils */,
				93517EF92AA4B95400124014 /* Modules */,
				93517EF82AA4B75500124014 /* Resources */,
				93517EF72AA4B6F600124014 /* Application */,
			);
			path = WeatherApp;
			sourceTree = "<group>";
		};
		93B603F82AABCCA500990165 /* SearchByPlaceNameScreen */ = {
			isa = PBXGroup;
			children = (
				93B604092AAC007700990165 /* Model */,
				93B603FF2AABF63F00990165 /* Services */,
				93B603FC2AABD51C00990165 /* ViewModel */,
				93B603F92AABCCB700990165 /* ViewController */,
			);
			path = SearchByPlaceNameScreen;
			sourceTree = "<group>";
		};
		93B603F92AABCCB700990165 /* ViewController */ = {
			isa = PBXGroup;
			children = (
				93B604102AAC13B000990165 /* Cells */,
				93B603FA2AABCE2B00990165 /* SearchByPlaceNameScreenViewController.swift */,
			);
			path = ViewController;
			sourceTree = "<group>";
		};
		93B603FC2AABD51C00990165 /* ViewModel */ = {
			isa = PBXGroup;
			children = (
				93B603FD2AABD53600990165 /* SearchByPlaceNameScreenViewModel.swift */,
			);
			path = ViewModel;
			sourceTree = "<group>";
		};
		93B603FF2AABF63F00990165 /* Services */ = {
			isa = PBXGroup;
			children = (
				93B604002AABF65300990165 /* PlaceNamesProvider.swift */,
			);
			path = Services;
			sourceTree = "<group>";
		};
		93B604042AABFD0E00990165 /* Delegates */ = {
			isa = PBXGroup;
			children = (
				93B604022AABFCEC00990165 /* NavigateToSearchByPlaceNameScreenDelegate.swift */,
				93B604052AABFD2600990165 /* LocationServiceDelegate.swift */,
				93B604072AABFD3700990165 /* PopViewControllerDelegate.swift */,
			);
			path = Delegates;
			sourceTree = "<group>";
		};
		93B604092AAC007700990165 /* Model */ = {
			isa = PBXGroup;
			children = (
				93B6040A2AAC008A00990165 /* Place.swift */,
			);
			path = Model;
			sourceTree = "<group>";
		};
		93B604102AAC13B000990165 /* Cells */ = {
			isa = PBXGroup;
			children = (
				93B604112AAC13D100990165 /* SearchResultsTableViewCell.swift */,
			);
			path = Cells;
			sourceTree = "<group>";
		};
		B12A72688EE6FD039CC97C82 /* Pods */ = {
			isa = PBXGroup;
			children = (
				6F10D0E73A962F4FD5ACE14F /* Pods-WeatherApp.debug.xcconfig */,
				0660A51C79DDD83BDC61FB9D /* Pods-WeatherApp.release.xcconfig */,
			);
			path = Pods;
			sourceTree = "<group>";
		};
		B65A6B66D2D9D992042FAFD8 /* Frameworks */ = {
			isa = PBXGroup;
			children = (
				285F50DE64711D70A3AF69FD /* Pods_WeatherApp.framework */,
			);
			name = Frameworks;
			sourceTree = "<group>";
		};
/* End PBXGroup section */

/* Begin PBXNativeTarget section */
		9351B87A2AA4B4DB00D8EFAF /* WeatherApp */ = {
			isa = PBXNativeTarget;
			buildConfigurationList = 9351B88F2AA4B4DD00D8EFAF /* Build configuration list for PBXNativeTarget "WeatherApp" */;
			buildPhases = (
				43B6C68860D354BC692B45CF /* [CP] Check Pods Manifest.lock */,
				9351B8772AA4B4DB00D8EFAF /* Sources */,
				9351B8782AA4B4DB00D8EFAF /* Frameworks */,
				9351B8792AA4B4DB00D8EFAF /* Resources */,
				BE61903211CF30D17E726D4B /* [CP] Embed Pods Frameworks */,
				05BB73F13E201E45D214F99A /* [CP] Copy Pods Resources */,
			);
			buildRules = (
			);
			dependencies = (
			);
			name = WeatherApp;
			packageProductDependencies = (
				93517F372AA9349700124014 /* Collections */,
				93517F392AA9349700124014 /* DequeModule */,
				93517F3B2AA9349700124014 /* OrderedCollections */,
			);
			productName = WeatherApp;
			productReference = 9351B87B2AA4B4DB00D8EFAF /* WeatherApp.app */;
			productType = "com.apple.product-type.application";
		};
/* End PBXNativeTarget section */

/* Begin PBXProject section */
		9351B8732AA4B4DB00D8EFAF /* Project object */ = {
			isa = PBXProject;
			attributes = {
				BuildIndependentTargetsInParallel = 1;
				LastSwiftUpdateCheck = 1430;
				LastUpgradeCheck = 1430;
				TargetAttributes = {
					9351B87A2AA4B4DB00D8EFAF = {
						CreatedOnToolsVersion = 14.3.1;
					};
				};
			};
			buildConfigurationList = 9351B8762AA4B4DB00D8EFAF /* Build configuration list for PBXProject "WeatherApp" */;
			compatibilityVersion = "Xcode 14.0";
			developmentRegion = en;
			hasScannedForEncodings = 0;
			knownRegions = (
				en,
				Base,
			);
			mainGroup = 9351B8722AA4B4DB00D8EFAF;
			packageReferences = (
				93517F362AA9349700124014 /* XCRemoteSwiftPackageReference "swift-collections" */,
			);
			productRefGroup = 9351B87C2AA4B4DB00D8EFAF /* Products */;
			projectDirPath = "";
			projectRoot = "";
			targets = (
				9351B87A2AA4B4DB00D8EFAF /* WeatherApp */,
			);
		};
/* End PBXProject section */

/* Begin PBXResourcesBuildPhase section */
		9351B8792AA4B4DB00D8EFAF /* Resources */ = {
			isa = PBXResourcesBuildPhase;
			buildActionMask = 2147483647;
			files = (
				9351B88B2AA4B4DD00D8EFAF /* LaunchScreen.storyboard in Resources */,
				9351B8882AA4B4DD00D8EFAF /* Assets.xcassets in Resources */,
			);
			runOnlyForDeploymentPostprocessing = 0;
		};
/* End PBXResourcesBuildPhase section */

/* Begin PBXShellScriptBuildPhase section */
		05BB73F13E201E45D214F99A /* [CP] Copy Pods Resources */ = {
			isa = PBXShellScriptBuildPhase;
			buildActionMask = 2147483647;
			files = (
			);
			inputFileListPaths = (
				"${PODS_ROOT}/Target Support Files/Pods-WeatherApp/Pods-WeatherApp-resources-${CONFIGURATION}-input-files.xcfilelist",
			);
			name = "[CP] Copy Pods Resources";
			outputFileListPaths = (
				"${PODS_ROOT}/Target Support Files/Pods-WeatherApp/Pods-WeatherApp-resources-${CONFIGURATION}-output-files.xcfilelist",
			);
			runOnlyForDeploymentPostprocessing = 0;
			shellPath = /bin/sh;
			shellScript = "\"${PODS_ROOT}/Target Support Files/Pods-WeatherApp/Pods-WeatherApp-resources.sh\"\n";
			showEnvVarsInLog = 0;
		};
		43B6C68860D354BC692B45CF /* [CP] Check Pods Manifest.lock */ = {
			isa = PBXShellScriptBuildPhase;
			buildActionMask = 2147483647;
			files = (
			);
			inputFileListPaths = (
			);
			inputPaths = (
				"${PODS_PODFILE_DIR_PATH}/Podfile.lock",
				"${PODS_ROOT}/Manifest.lock",
			);
			name = "[CP] Check Pods Manifest.lock";
			outputFileListPaths = (
			);
			outputPaths = (
				"$(DERIVED_FILE_DIR)/Pods-WeatherApp-checkManifestLockResult.txt",
			);
			runOnlyForDeploymentPostprocessing = 0;
			shellPath = /bin/sh;
			shellScript = "diff \"${PODS_PODFILE_DIR_PATH}/Podfile.lock\" \"${PODS_ROOT}/Manifest.lock\" > /dev/null\nif [ $? != 0 ] ; then\n    # print error to STDERR\n    echo \"error: The sandbox is not in sync with the Podfile.lock. Run 'pod install' or update your CocoaPods installation.\" >&2\n    exit 1\nfi\n# This output is used by Xcode 'outputs' to avoid re-running this script phase.\necho \"SUCCESS\" > \"${SCRIPT_OUTPUT_FILE_0}\"\n";
			showEnvVarsInLog = 0;
		};
		BE61903211CF30D17E726D4B /* [CP] Embed Pods Frameworks */ = {
			isa = PBXShellScriptBuildPhase;
			buildActionMask = 2147483647;
			files = (
			);
			inputFileListPaths = (
				"${PODS_ROOT}/Target Support Files/Pods-WeatherApp/Pods-WeatherApp-frameworks-${CONFIGURATION}-input-files.xcfilelist",
			);
			name = "[CP] Embed Pods Frameworks";
			outputFileListPaths = (
				"${PODS_ROOT}/Target Support Files/Pods-WeatherApp/Pods-WeatherApp-frameworks-${CONFIGURATION}-output-files.xcfilelist",
			);
			runOnlyForDeploymentPostprocessing = 0;
			shellPath = /bin/sh;
			shellScript = "\"${PODS_ROOT}/Target Support Files/Pods-WeatherApp/Pods-WeatherApp-frameworks.sh\"\n";
			showEnvVarsInLog = 0;
		};
/* End PBXShellScriptBuildPhase section */

/* Begin PBXSourcesBuildPhase section */
		9351B8772AA4B4DB00D8EFAF /* Sources */ = {
			isa = PBXSourcesBuildPhase;
			buildActionMask = 2147483647;
			files = (
				93B604122AAC13D100990165 /* SearchResultsTableViewCell.swift in Sources */,
				93517F132AA69FE000124014 /* WeatherNetworkService.swift in Sources */,
				93517F462AAA95A500124014 /* ScreenType.swift in Sources */,
				93517F0D2AA6331A00124014 /* String+Extension.swift in Sources */,
				93517F262AA78E8900124014 /* WeatherForecastParser.swift in Sources */,
				93B604032AABFCEC00990165 /* NavigateToSearchByPlaceNameScreenDelegate.swift in Sources */,
				93517F492AAA9BA600124014 /* WeatherDetailsNavigationBarView.swift in Sources */,
				93517F052AA60E4C00124014 /* CustomNavigationBarView.swift in Sources */,
				93517F282AA78F8B00124014 /* Weather.swift in Sources */,
				93517F442AAA819F00124014 /* WeatherTempsByHoursCollectionViewCellView.swift in Sources */,
				93517F4D2AAA9BDB00124014 /* SearchPlaceByMapNavigationBarView.swift in Sources */,
				93B603FB2AABCE2B00990165 /* SearchByPlaceNameScreenViewController.swift in Sources */,
				93517F002AA4C63100124014 /* WeatherDetailsScreenViewController.swift in Sources */,
				93517F072AA62D2D00124014 /* WeatherDetailsView.swift in Sources */,
				93517F1D2AA780EF00124014 /* Date+Extension.swift in Sources */,
				93517F3E2AAA2A8B00124014 /* WeatherTempsByHoursCollectionViewCell.swift in Sources */,
				93517F422AAA4E6C00124014 /* WeatherDetailsElementView.swift in Sources */,
				93B604062AABFD2600990165 /* LocationServiceDelegate.swift in Sources */,
				93517F192AA777C400124014 /* NetworkingError.swift in Sources */,
				93517F0B2AA62E7C00124014 /* UILabel+Extension.swift in Sources */,
				93B604082AABFD3700990165 /* PopViewControllerDelegate.swift in Sources */,
				9351B8832AA4B4DB00D8EFAF /* BaseViewController.swift in Sources */,
				93517F332AA8C2F300124014 /* WeatherDetailsModel.swift in Sources */,
				93517F112AA69F9B00124014 /* WeatherDetailsViewModel.swift in Sources */,
				93517F1F2AA7897900124014 /* WeatherForecastProvider.swift in Sources */,
				93B604012AABF65300990165 /* PlaceNamesProvider.swift in Sources */,
				93517F2A2AA7971200124014 /* WeatherCondition.swift in Sources */,
				93517F242AA78A2500124014 /* WeatherParseable.swift in Sources */,
				9351B87F2AA4B4DB00D8EFAF /* AppDelegate.swift in Sources */,
				93B603FE2AABD53600990165 /* SearchByPlaceNameScreenViewModel.swift in Sources */,
				93517F312AA7DAB700124014 /* WeatherForecastByDayTableViewCell.swift in Sources */,
				9351B8812AA4B4DB00D8EFAF /* SceneDelegate.swift in Sources */,
				93517F222AA78A0700124014 /* Fetchable.swift in Sources */,
				93517F402AAA3B7700124014 /* Array+Extension.swift in Sources */,
				93517F172AA7751300124014 /* WeatherModel.swift in Sources */,
				93517F0F2AA66E9000124014 /* Constants.swift in Sources */,
				93517F2D2AA7BAF300124014 /* CustomURL.swift in Sources */,
				93517F352AA8EEC200124014 /* WeatherForecastByDayTableViewCellView.swift in Sources */,
				93517F4B2AAA9BB400124014 /* SearchPlaceByTextNavigationBarView.swift in Sources */,
				93B6040B2AAC008A00990165 /* Place.swift in Sources */,
				93517F4F2AAAB45900124014 /* LocationService.swift in Sources */,
				93517F1B2AA7793400124014 /* WindDirection.swift in Sources */,
			);
			runOnlyForDeploymentPostprocessing = 0;
		};
/* End PBXSourcesBuildPhase section */

/* Begin PBXVariantGroup section */
		9351B8892AA4B4DD00D8EFAF /* LaunchScreen.storyboard */ = {
			isa = PBXVariantGroup;
			children = (
				9351B88A2AA4B4DD00D8EFAF /* Base */,
			);
			name = LaunchScreen.storyboard;
			sourceTree = "<group>";
		};
/* End PBXVariantGroup section */

/* Begin XCBuildConfiguration section */
		9351B88D2AA4B4DD00D8EFAF /* Debug */ = {
			isa = XCBuildConfiguration;
			buildSettings = {
				ALWAYS_SEARCH_USER_PATHS = NO;
				CLANG_ANALYZER_NONNULL = YES;
				CLANG_ANALYZER_NUMBER_OBJECT_CONVERSION = YES_AGGRESSIVE;
				CLANG_CXX_LANGUAGE_STANDARD = "gnu++20";
				CLANG_ENABLE_MODULES = YES;
				CLANG_ENABLE_OBJC_ARC = YES;
				CLANG_ENABLE_OBJC_WEAK = YES;
				CLANG_WARN_BLOCK_CAPTURE_AUTORELEASING = YES;
				CLANG_WARN_BOOL_CONVERSION = YES;
				CLANG_WARN_COMMA = YES;
				CLANG_WARN_CONSTANT_CONVERSION = YES;
				CLANG_WARN_DEPRECATED_OBJC_IMPLEMENTATIONS = YES;
				CLANG_WARN_DIRECT_OBJC_ISA_USAGE = YES_ERROR;
				CLANG_WARN_DOCUMENTATION_COMMENTS = YES;
				CLANG_WARN_EMPTY_BODY = YES;
				CLANG_WARN_ENUM_CONVERSION = YES;
				CLANG_WARN_INFINITE_RECURSION = YES;
				CLANG_WARN_INT_CONVERSION = YES;
				CLANG_WARN_NON_LITERAL_NULL_CONVERSION = YES;
				CLANG_WARN_OBJC_IMPLICIT_RETAIN_SELF = YES;
				CLANG_WARN_OBJC_LITERAL_CONVERSION = YES;
				CLANG_WARN_OBJC_ROOT_CLASS = YES_ERROR;
				CLANG_WARN_QUOTED_INCLUDE_IN_FRAMEWORK_HEADER = YES;
				CLANG_WARN_RANGE_LOOP_ANALYSIS = YES;
				CLANG_WARN_STRICT_PROTOTYPES = YES;
				CLANG_WARN_SUSPICIOUS_MOVE = YES;
				CLANG_WARN_UNGUARDED_AVAILABILITY = YES_AGGRESSIVE;
				CLANG_WARN_UNREACHABLE_CODE = YES;
				CLANG_WARN__DUPLICATE_METHOD_MATCH = YES;
				COPY_PHASE_STRIP = NO;
				DEBUG_INFORMATION_FORMAT = dwarf;
				ENABLE_STRICT_OBJC_MSGSEND = YES;
				ENABLE_TESTABILITY = YES;
				GCC_C_LANGUAGE_STANDARD = gnu11;
				GCC_DYNAMIC_NO_PIC = NO;
				GCC_NO_COMMON_BLOCKS = YES;
				GCC_OPTIMIZATION_LEVEL = 0;
				GCC_PREPROCESSOR_DEFINITIONS = (
					"DEBUG=1",
					"$(inherited)",
				);
				GCC_WARN_64_TO_32_BIT_CONVERSION = YES;
				GCC_WARN_ABOUT_RETURN_TYPE = YES_ERROR;
				GCC_WARN_UNDECLARED_SELECTOR = YES;
				GCC_WARN_UNINITIALIZED_AUTOS = YES_AGGRESSIVE;
				GCC_WARN_UNUSED_FUNCTION = YES;
				GCC_WARN_UNUSED_VARIABLE = YES;
				IPHONEOS_DEPLOYMENT_TARGET = 16.0;
				MTL_ENABLE_DEBUG_INFO = INCLUDE_SOURCE;
				MTL_FAST_MATH = YES;
				ONLY_ACTIVE_ARCH = YES;
				SDKROOT = iphoneos;
				SWIFT_ACTIVE_COMPILATION_CONDITIONS = DEBUG;
				SWIFT_OPTIMIZATION_LEVEL = "-Onone";
			};
			name = Debug;
		};
		9351B88E2AA4B4DD00D8EFAF /* Release */ = {
			isa = XCBuildConfiguration;
			buildSettings = {
				ALWAYS_SEARCH_USER_PATHS = NO;
				CLANG_ANALYZER_NONNULL = YES;
				CLANG_ANALYZER_NUMBER_OBJECT_CONVERSION = YES_AGGRESSIVE;
				CLANG_CXX_LANGUAGE_STANDARD = "gnu++20";
				CLANG_ENABLE_MODULES = YES;
				CLANG_ENABLE_OBJC_ARC = YES;
				CLANG_ENABLE_OBJC_WEAK = YES;
				CLANG_WARN_BLOCK_CAPTURE_AUTORELEASING = YES;
				CLANG_WARN_BOOL_CONVERSION = YES;
				CLANG_WARN_COMMA = YES;
				CLANG_WARN_CONSTANT_CONVERSION = YES;
				CLANG_WARN_DEPRECATED_OBJC_IMPLEMENTATIONS = YES;
				CLANG_WARN_DIRECT_OBJC_ISA_USAGE = YES_ERROR;
				CLANG_WARN_DOCUMENTATION_COMMENTS = YES;
				CLANG_WARN_EMPTY_BODY = YES;
				CLANG_WARN_ENUM_CONVERSION = YES;
				CLANG_WARN_INFINITE_RECURSION = YES;
				CLANG_WARN_INT_CONVERSION = YES;
				CLANG_WARN_NON_LITERAL_NULL_CONVERSION = YES;
				CLANG_WARN_OBJC_IMPLICIT_RETAIN_SELF = YES;
				CLANG_WARN_OBJC_LITERAL_CONVERSION = YES;
				CLANG_WARN_OBJC_ROOT_CLASS = YES_ERROR;
				CLANG_WARN_QUOTED_INCLUDE_IN_FRAMEWORK_HEADER = YES;
				CLANG_WARN_RANGE_LOOP_ANALYSIS = YES;
				CLANG_WARN_STRICT_PROTOTYPES = YES;
				CLANG_WARN_SUSPICIOUS_MOVE = YES;
				CLANG_WARN_UNGUARDED_AVAILABILITY = YES_AGGRESSIVE;
				CLANG_WARN_UNREACHABLE_CODE = YES;
				CLANG_WARN__DUPLICATE_METHOD_MATCH = YES;
				COPY_PHASE_STRIP = NO;
				DEBUG_INFORMATION_FORMAT = "dwarf-with-dsym";
				ENABLE_NS_ASSERTIONS = NO;
				ENABLE_STRICT_OBJC_MSGSEND = YES;
				GCC_C_LANGUAGE_STANDARD = gnu11;
				GCC_NO_COMMON_BLOCKS = YES;
				GCC_WARN_64_TO_32_BIT_CONVERSION = YES;
				GCC_WARN_ABOUT_RETURN_TYPE = YES_ERROR;
				GCC_WARN_UNDECLARED_SELECTOR = YES;
				GCC_WARN_UNINITIALIZED_AUTOS = YES_AGGRESSIVE;
				GCC_WARN_UNUSED_FUNCTION = YES;
				GCC_WARN_UNUSED_VARIABLE = YES;
				IPHONEOS_DEPLOYMENT_TARGET = 16.0;
				MTL_ENABLE_DEBUG_INFO = NO;
				MTL_FAST_MATH = YES;
				SDKROOT = iphoneos;
				SWIFT_COMPILATION_MODE = wholemodule;
				SWIFT_OPTIMIZATION_LEVEL = "-O";
				VALIDATE_PRODUCT = YES;
			};
			name = Release;
		};
		9351B8902AA4B4DD00D8EFAF /* Debug */ = {
			isa = XCBuildConfiguration;
			baseConfigurationReference = 6F10D0E73A962F4FD5ACE14F /* Pods-WeatherApp.debug.xcconfig */;
			buildSettings = {
				ASSETCATALOG_COMPILER_APPICON_NAME = AppIcon;
				ASSETCATALOG_COMPILER_GLOBAL_ACCENT_COLOR_NAME = AccentColor;
				CODE_SIGN_STYLE = Automatic;
				CURRENT_PROJECT_VERSION = 1;
				DEVELOPMENT_TEAM = 73WWDG33Z7;
				GENERATE_INFOPLIST_FILE = YES;
				INFOPLIST_FILE = WeatherApp/Application/Info.plist;
				INFOPLIST_KEY_NSLocationAlwaysAndWhenInUseUsageDescription = "$(PRODUCT_NAME) need your location to show weather for you";
				INFOPLIST_KEY_NSLocationAlwaysUsageDescription = "$(PRODUCT_NAME) need your location to show weather for you";
				INFOPLIST_KEY_NSLocationWhenInUseUsageDescription = "$(PRODUCT_NAME) need your location to show weather for you";
				INFOPLIST_KEY_UIApplicationSupportsIndirectInputEvents = YES;
				INFOPLIST_KEY_UILaunchStoryboardName = LaunchScreen.storyboard;
				INFOPLIST_KEY_UISupportedInterfaceOrientations_iPad = "UIInterfaceOrientationPortrait UIInterfaceOrientationPortraitUpsideDown UIInterfaceOrientationLandscapeLeft UIInterfaceOrientationLandscapeRight";
				INFOPLIST_KEY_UISupportedInterfaceOrientations_iPhone = "UIInterfaceOrientationPortrait UIInterfaceOrientationLandscapeLeft UIInterfaceOrientationLandscapeRight";
				IPHONEOS_DEPLOYMENT_TARGET = 16.0;
				LD_RUNPATH_SEARCH_PATHS = (
					"$(inherited)",
					"@executable_path/Frameworks",
				);
				MARKETING_VERSION = 1.0;
				PRODUCT_BUNDLE_IDENTIFIER = com.ukma.edu.WeatherApp;
				PRODUCT_NAME = "$(TARGET_NAME)";
				SWIFT_EMIT_LOC_STRINGS = YES;
				SWIFT_VERSION = 5.0;
				TARGETED_DEVICE_FAMILY = "1,2";
			};
			name = Debug;
		};
		9351B8912AA4B4DD00D8EFAF /* Release */ = {
			isa = XCBuildConfiguration;
			baseConfigurationReference = 0660A51C79DDD83BDC61FB9D /* Pods-WeatherApp.release.xcconfig */;
			buildSettings = {
				ASSETCATALOG_COMPILER_APPICON_NAME = AppIcon;
				ASSETCATALOG_COMPILER_GLOBAL_ACCENT_COLOR_NAME = AccentColor;
				CODE_SIGN_STYLE = Automatic;
				CURRENT_PROJECT_VERSION = 1;
				DEVELOPMENT_TEAM = 73WWDG33Z7;
				GENERATE_INFOPLIST_FILE = YES;
				INFOPLIST_FILE = WeatherApp/Application/Info.plist;
				INFOPLIST_KEY_NSLocationAlwaysAndWhenInUseUsageDescription = "$(PRODUCT_NAME) need your location to show weather for you";
				INFOPLIST_KEY_NSLocationAlwaysUsageDescription = "$(PRODUCT_NAME) need your location to show weather for you";
				INFOPLIST_KEY_NSLocationWhenInUseUsageDescription = "$(PRODUCT_NAME) need your location to show weather for you";
				INFOPLIST_KEY_UIApplicationSupportsIndirectInputEvents = YES;
				INFOPLIST_KEY_UILaunchStoryboardName = LaunchScreen.storyboard;
				INFOPLIST_KEY_UISupportedInterfaceOrientations_iPad = "UIInterfaceOrientationPortrait UIInterfaceOrientationPortraitUpsideDown UIInterfaceOrientationLandscapeLeft UIInterfaceOrientationLandscapeRight";
				INFOPLIST_KEY_UISupportedInterfaceOrientations_iPhone = "UIInterfaceOrientationPortrait UIInterfaceOrientationLandscapeLeft UIInterfaceOrientationLandscapeRight";
				IPHONEOS_DEPLOYMENT_TARGET = 16.0;
				LD_RUNPATH_SEARCH_PATHS = (
					"$(inherited)",
					"@executable_path/Frameworks",
				);
				MARKETING_VERSION = 1.0;
				PRODUCT_BUNDLE_IDENTIFIER = com.ukma.edu.WeatherApp;
				PRODUCT_NAME = "$(TARGET_NAME)";
				SWIFT_EMIT_LOC_STRINGS = YES;
				SWIFT_VERSION = 5.0;
				TARGETED_DEVICE_FAMILY = "1,2";
			};
			name = Release;
		};
/* End XCBuildConfiguration section */

/* Begin XCConfigurationList section */
		9351B8762AA4B4DB00D8EFAF /* Build configuration list for PBXProject "WeatherApp" */ = {
			isa = XCConfigurationList;
			buildConfigurations = (
				9351B88D2AA4B4DD00D8EFAF /* Debug */,
				9351B88E2AA4B4DD00D8EFAF /* Release */,
			);
			defaultConfigurationIsVisible = 0;
			defaultConfigurationName = Release;
		};
		9351B88F2AA4B4DD00D8EFAF /* Build configuration list for PBXNativeTarget "WeatherApp" */ = {
			isa = XCConfigurationList;
			buildConfigurations = (
				9351B8902AA4B4DD00D8EFAF /* Debug */,
				9351B8912AA4B4DD00D8EFAF /* Release */,
			);
			defaultConfigurationIsVisible = 0;
			defaultConfigurationName = Release;
		};
/* End XCConfigurationList section */

/* Begin XCRemoteSwiftPackageReference section */
		93517F362AA9349700124014 /* XCRemoteSwiftPackageReference "swift-collections" */ = {
			isa = XCRemoteSwiftPackageReference;
			repositoryURL = "https://github.com/apple/swift-collections.git";
			requirement = {
				kind = upToNextMajorVersion;
				minimumVersion = 1.0.0;
			};
		};
/* End XCRemoteSwiftPackageReference section */

/* Begin XCSwiftPackageProductDependency section */
		93517F372AA9349700124014 /* Collections */ = {
			isa = XCSwiftPackageProductDependency;
			package = 93517F362AA9349700124014 /* XCRemoteSwiftPackageReference "swift-collections" */;
			productName = Collections;
		};
		93517F392AA9349700124014 /* DequeModule */ = {
			isa = XCSwiftPackageProductDependency;
			package = 93517F362AA9349700124014 /* XCRemoteSwiftPackageReference "swift-collections" */;
			productName = DequeModule;
		};
		93517F3B2AA9349700124014 /* OrderedCollections */ = {
			isa = XCSwiftPackageProductDependency;
			package = 93517F362AA9349700124014 /* XCRemoteSwiftPackageReference "swift-collections" */;
			productName = OrderedCollections;
		};
/* End XCSwiftPackageProductDependency section */
	};
	rootObject = 9351B8732AA4B4DB00D8EFAF /* Project object */;
}
